
Microsoft Visual Studio Solution File, Format Version 12.00
# Visual Studio 15
VisualStudioVersion = 15.0.27130.2036
MinimumVisualStudioVersion = 10.0.40219.1
Project("{FAE04EC0-301F-11D3-BF4B-00C04F79EFBC}") = "updater", "updater\updater.csproj", "{D70133A6-8004-4336-BE6E-5669D6140E60}"
EndProject
Global
	GlobalSection(SolutionConfigurationPlatforms) = preSolution
		Debug|Any CPU = Debug|Any CPU
		Release|Any CPU = Release|Any CPU
	EndGlobalSection
	GlobalSection(ProjectConfigurationPlatforms) = postSolution
		{D70133A6-8004-4336-BE6E-5669D6140E60}.Debug|Any CPU.ActiveCfg = Debug|Any CPU
		{D70133A6-8004-4336-BE6E-5669D6140E60}.Debug|Any CPU.Build.0 = Debug|Any CPU
		{D70133A6-8004-4336-BE6E-5669D6140E60}.Release|Any CPU.ActiveCfg = Release|Any CPU
		{D70133A6-8004-4336-BE6E-5669D6140E60}.Release|Any CPU.Build.0 = Release|Any CPU
	EndGlobalSection
	GlobalSection(SolutionProperties) = preSolution
		HideSolutionNode = FALSE
	EndGlobalSection
	GlobalSection(ExtensibilityGlobals) = postSolution
		SolutionGuid = {8788A77F-C7D3-445A-AD7E-CB2709AF04F0}
	EndGlobalSection
EndGlobal
